# This file is generated by running "yarn install" inside your project.
# Manual changes might be lost - proceed with caution!

__metadata:
  version: 5
  cacheKey: 8

"@bfchain/nginx-binary-darwin-64@workspace:*, @bfchain/nginx-binary-darwin-64@workspace:packages/darwin":
  version: 0.0.0-use.local
  resolution: "@bfchain/nginx-binary-darwin-64@workspace:packages/darwin"
  languageName: unknown
  linkType: soft

"@bfchain/nginx-binary-linux-64@workspace:*, @bfchain/nginx-binary-linux-64@workspace:packages/linux":
  version: 0.0.0-use.local
  resolution: "@bfchain/nginx-binary-linux-64@workspace:packages/linux"
  languageName: unknown
  linkType: soft

"@bfchain/nginx-binary-windows-64@workspace:*, @bfchain/nginx-binary-windows-64@workspace:packages/windows":
  version: 0.0.0-use.local
  resolution: "@bfchain/nginx-binary-windows-64@workspace:packages/windows"
  languageName: unknown
  linkType: soft

"@bfchain/nginx-w@workspace:.":
  version: 0.0.0-use.local
  resolution: "@bfchain/nginx-w@workspace:."
  dependencies:
    tslib: ^2.3.1
    typescript: ^4.5.5
  languageName: unknown
  linkType: soft

"@bfchain/nginx@workspace:packages/core":
  version: 0.0.0-use.local
  resolution: "@bfchain/nginx@workspace:packages/core"
  dependencies:
    "@bfchain/nginx-binary-darwin-64": "workspace:*"
    "@bfchain/nginx-binary-linux-64": "workspace:*"
    "@bfchain/nginx-binary-windows-64": "workspace:*"
    "@types/node": 16
    "@types/ws": ^8
    tslib: ^2.3.1
    ws: ^8.5.0
  dependenciesMeta:
    "@bfchain/nginx-binary-darwin-64":
      optional: true
    "@bfchain/nginx-binary-linux-64":
      optional: true
    "@bfchain/nginx-binary-windows-64":
      optional: true
  languageName: unknown
  linkType: soft

"@types/node@npm:*":
  version: 17.0.18
  resolution: "@types/node@npm:17.0.18"
  checksum: 6c4edfc2b3ba2342a9c3d56e934c5245948ab752f4dc04bd6790b9603e6ebc53bc4f5befc3662e207f7dba2ddd17ccf657f915e319ea7cdd4f77b851079d1611
  languageName: node
  linkType: hard

"@types/node@npm:16":
  version: 16.11.25
  resolution: "@types/node@npm:16.11.25"
  checksum: 0b6e25a81364be89256ad1a36341e27b387e646d3186e270108a8bb7b6ecdfdf5ae037aa1c75a5117b8a7509c80093b75431cd5cfcfbc4d553b52e7db2ca272e
  languageName: node
  linkType: hard

"@types/ws@npm:^8":
  version: 8.2.2
  resolution: "@types/ws@npm:8.2.2"
  dependencies:
    "@types/node": "*"
  checksum: 308957864b9a5a0378ac82f1b084fa31b1bbe85106fb0d84ed2b392e4829404f21ab6ab2c1eb782d556e59cd33d57c75ad2d0cedc4b9b9d0ca3b2311bc915578
  languageName: node
  linkType: hard

"tslib@npm:^2.3.1":
  version: 2.3.1
  resolution: "tslib@npm:2.3.1"
  checksum: de17a98d4614481f7fcb5cd53ffc1aaf8654313be0291e1bfaee4b4bb31a20494b7d218ff2e15017883e8ea9626599b3b0e0229c18383ba9dce89da2adf15cb9
  languageName: node
  linkType: hard

"typescript@npm:^4.5.5":
  version: 4.5.5
  resolution: "typescript@npm:4.5.5"
  bin:
    tsc: bin/tsc
    tsserver: bin/tsserver
  checksum: 506f4c919dc8aeaafa92068c997f1d213b9df4d9756d0fae1a1e7ab66b585ab3498050e236113a1c9e57ee08c21ec6814ca7a7f61378c058d79af50a4b1f5a5e
  languageName: node
  linkType: hard

"typescript@patch:typescript@^4.5.5#~builtin<compat/typescript>":
  version: 4.5.5
  resolution: "typescript@patch:typescript@npm%3A4.5.5#~builtin<compat/typescript>::version=4.5.5&hash=493e53"
  bin:
    tsc: bin/tsc
    tsserver: bin/tsserver
  checksum: c05c318d79c690f101d7ffb34cd6c7d6bbd884d3af9cefe7749ad0cd6be43c7082f098280982ca945dcba23fde34a08fed9602bb26540936baf8c0520727d3ba
  languageName: node
  linkType: hard

"ws@npm:^8.5.0":
  version: 8.5.0
  resolution: "ws@npm:8.5.0"
  peerDependencies:
    bufferutil: ^4.0.1
    utf-8-validate: ^5.0.2
  peerDependenciesMeta:
    bufferutil:
      optional: true
    utf-8-validate:
      optional: true
  checksum: 76f2f90e40344bf18fd544194e7067812fb1372b2a37865678d8f12afe4b478ff2ebc0c7c0aff82cd5e6b66fc43d889eec0f1865c2365d8f7a66d92da7744a77
  languageName: node
  linkType: hard
